
Microsoft Visual Studio Solution File, Format Version 12.00
Project("{FAE04EC0-301F-11D3-BF4B-00C04F79EFBC}") = "NexoCompiler", "NexoCompiler\NexoCompiler.csproj", "{4280EEFF-11EA-4166-998F-676F9FCC1558}"
EndProject
Project("{FAE04EC0-301F-11D3-BF4B-00C04F79EFBC}") = "NexoLogic", "NexoLogic\NexoLogic.csproj", "{D552DC07-47EE-4000-BB1C-C20B5F0D1A6B}"
EndProject
Global
	GlobalSection(SolutionConfigurationPlatforms) = preSolution
		Debug|Any CPU = Debug|Any CPU
		Release|Any CPU = Release|Any CPU
	EndGlobalSection
	GlobalSection(ProjectConfigurationPlatforms) = postSolution
		{4280EEFF-11EA-4166-998F-676F9FCC1558}.Debug|Any CPU.ActiveCfg = Debug|Any CPU
		{4280EEFF-11EA-4166-998F-676F9FCC1558}.Debug|Any CPU.Build.0 = Debug|Any CPU
		{4280EEFF-11EA-4166-998F-676F9FCC1558}.Release|Any CPU.ActiveCfg = Release|Any CPU
		{4280EEFF-11EA-4166-998F-676F9FCC1558}.Release|Any CPU.Build.0 = Release|Any CPU
		{D552DC07-47EE-4000-BB1C-C20B5F0D1A6B}.Debug|Any CPU.ActiveCfg = Debug|Any CPU
		{D552DC07-47EE-4000-BB1C-C20B5F0D1A6B}.Debug|Any CPU.Build.0 = Debug|Any CPU
		{D552DC07-47EE-4000-BB1C-C20B5F0D1A6B}.Release|Any CPU.ActiveCfg = Release|Any CPU
		{D552DC07-47EE-4000-BB1C-C20B5F0D1A6B}.Release|Any CPU.Build.0 = Release|Any CPU
	EndGlobalSection
EndGlobal
